# THIS IS AN AUTOGENERATED FILE. DO NOT EDIT THIS FILE DIRECTLY.
# yarn lockfile v1


basscss-align@^1.0.2:
  version "1.0.2"
  resolved "https://registry.yarnpkg.com/basscss-align/-/basscss-align-1.0.2.tgz#294aa689d6f99da86e4af4c5c2892870855c1c37"

basscss-border@^4.0.2:
  version "4.0.2"
  resolved "https://registry.yarnpkg.com/basscss-border/-/basscss-border-4.0.2.tgz#14b4506329b90cb14abe5f4d3473e9fe9202df2e"

basscss-flexbox@^1.0.1:
  version "1.0.1"
  resolved "https://registry.yarnpkg.com/basscss-flexbox/-/basscss-flexbox-1.0.1.tgz#f64bc7607f97a7dfab74c1e011e1a77ad734f83a"

basscss-grid@^2.0.0:
  version "2.0.0"
  resolved "https://registry.yarnpkg.com/basscss-grid/-/basscss-grid-2.0.0.tgz#6f4c3198e786a38529f8362bc3b3bce5254c1369"

basscss-hide@^1.0.1:
  version "1.0.1"
  resolved "https://registry.yarnpkg.com/basscss-hide/-/basscss-hide-1.0.1.tgz#34bc138bba867c6c49ab8682a610ef495e47d750"

basscss-layout@^3.1.0:
  version "3.1.0"
  resolved "https://registry.yarnpkg.com/basscss-layout/-/basscss-layout-3.1.0.tgz#f9f392e480da66657d9fe5de9ca4c07c579c3a4e"

basscss-margin@^1.0.7:
  version "1.0.7"
  resolved "https://registry.yarnpkg.com/basscss-margin/-/basscss-margin-1.0.7.tgz#5a92d8cda98ef391c73a15ede97b34b48886417c"

basscss-padding@^1.1.3:
  version "1.1.3"
  resolved "https://registry.yarnpkg.com/basscss-padding/-/basscss-padding-1.1.3.tgz#69db799414e6dd58bed83776952cc299e2e6874e"

basscss-position@^2.0.3:
  version "2.0.3"
  resolved "https://registry.yarnpkg.com/basscss-position/-/basscss-position-2.0.3.tgz#467180a1f8f386e9072ed8d08294d2a6e0ba4305"

basscss-type-scale@^1.0.5:
  version "1.0.5"
  resolved "https://registry.yarnpkg.com/basscss-type-scale/-/basscss-type-scale-1.0.5.tgz#23bf5e41c9d142c8061cf9829ccf23e9b3258ec7"

basscss-typography@^3.0.3:
  version "3.0.3"
  resolved "https://registry.yarnpkg.com/basscss-typography/-/basscss-typography-3.0.3.tgz#182cf43df7c4ebed02750dc748041cbadff60d43"

basscss@^8.0.3:
  version "8.0.3"
  resolved "https://registry.yarnpkg.com/basscss/-/basscss-8.0.3.tgz#720607254e89d363cd8d46b3aefa01d3c2b91363"
  dependencies:
    basscss-align "^1.0.2"
    basscss-border "^4.0.2"
    basscss-flexbox "^1.0.1"
    basscss-grid "^2.0.0"
    basscss-hide "^1.0.1"
    basscss-layout "^3.1.0"
    basscss-margin "^1.0.7"
    basscss-padding "^1.1.3"
    basscss-position "^2.0.3"
    basscss-type-scale "^1.0.5"
    basscss-typography "^3.0.3"

beard@^0.3.0:
  version "0.3.0"
  resolved "https://registry.yarnpkg.com/beard/-/beard-0.3.0.tgz#1c8fc7d17490310e96f2bc7d6d99904936db85f2"

beardcss@2.2.4:
  version "2.2.4"
  resolved "https://registry.yarnpkg.com/beardcss/-/beardcss-2.2.4.tgz#4ba2e53fee750baf38224c43a0ea8c37350fb0cf"

bootstrap@^4.0.0-beta:
  version "4.0.0-beta"
  resolved "https://registry.yarnpkg.com/bootstrap/-/bootstrap-4.0.0-beta.tgz#dc5928175d2e71310bc668cf9e05a907211b72a6"

tachyons@^4.8.1:
  version "4.8.1"
  resolved "https://registry.yarnpkg.com/tachyons/-/tachyons-4.8.1.tgz#9a3183feecb3240c4dcefee7feecc8259acd7381"

turretcss@^4.0.4:
  version "4.0.4"
  resolved "https://registry.yarnpkg.com/turretcss/-/turretcss-4.0.4.tgz#df35ec7bb26b3083f3400652b3670c51ce12579b"
